
Microsoft Visual Studio Solution File, Format Version 12.00
# Visual Studio 15
VisualStudioVersion = 15.0.26730.16
MinimumVisualStudioVersion = 10.0.40219.1
Project("{9A19103F-16F7-4668-BE54-9A1E7A4F7556}") = "AGRUsersAPI", "AGRUsersAPI\AGRUsersAPI.csproj", "{270EEFB2-E331-4FCE-8BD1-B59CE9BBD2F6}"
EndProject
Project("{FAE04EC0-301F-11D3-BF4B-00C04F79EFBC}") = "AGRUsersAPI.Test", "AGRUsersAPI.Test\AGRUsersAPI.Test.csproj", "{996A462C-9101-4F8C-8DED-66C06886521D}"
EndProject
Global
	GlobalSection(SolutionConfigurationPlatforms) = preSolution
		Debug|Any CPU = Debug|Any CPU
		Release|Any CPU = Release|Any CPU
	EndGlobalSection
	GlobalSection(ProjectConfigurationPlatforms) = postSolution
		{270EEFB2-E331-4FCE-8BD1-B59CE9BBD2F6}.Debug|Any CPU.ActiveCfg = Debug|Any CPU
		{270EEFB2-E331-4FCE-8BD1-B59CE9BBD2F6}.Debug|Any CPU.Build.0 = Debug|Any CPU
		{270EEFB2-E331-4FCE-8BD1-B59CE9BBD2F6}.Release|Any CPU.ActiveCfg = Release|Any CPU
		{270EEFB2-E331-4FCE-8BD1-B59CE9BBD2F6}.Release|Any CPU.Build.0 = Release|Any CPU
		{996A462C-9101-4F8C-8DED-66C06886521D}.Debug|Any CPU.ActiveCfg = Debug|Any CPU
		{996A462C-9101-4F8C-8DED-66C06886521D}.Debug|Any CPU.Build.0 = Debug|Any CPU
		{996A462C-9101-4F8C-8DED-66C06886521D}.Release|Any CPU.ActiveCfg = Release|Any CPU
		{996A462C-9101-4F8C-8DED-66C06886521D}.Release|Any CPU.Build.0 = Release|Any CPU
	EndGlobalSection
	GlobalSection(SolutionProperties) = preSolution
		HideSolutionNode = FALSE
	EndGlobalSection
	GlobalSection(ExtensibilityGlobals) = postSolution
		SolutionGuid = {8AE81860-8FBF-496B-A633-70493F6A7697}
	EndGlobalSection
EndGlobal
